
Microsoft Visual Studio Solution File, Format Version 12.00
# Visual Studio Version 17
VisualStudioVersion = 17.2.32616.157
MinimumVisualStudioVersion = 10.0.40219.1
Project("{FAE04EC0-301F-11D3-BF4B-00C04F79EFBC}") = "ExercicioDeFixacaoClassesAtributosMetodos", "ExercicioDeFixacaoClassesAtributosMetodos\ExercicioDeFixacaoClassesAtributosMetodos.csproj", "{98F23002-0F03-460B-B0B7-F42837B84B05}"
EndProject
Global
	GlobalSection(SolutionConfigurationPlatforms) = preSolution
		Debug|Any CPU = Debug|Any CPU
		Release|Any CPU = Release|Any CPU
	EndGlobalSection
	GlobalSection(ProjectConfigurationPlatforms) = postSolution
		{98F23002-0F03-460B-B0B7-F42837B84B05}.Debug|Any CPU.ActiveCfg = Debug|Any CPU
		{98F23002-0F03-460B-B0B7-F42837B84B05}.Debug|Any CPU.Build.0 = Debug|Any CPU
		{98F23002-0F03-460B-B0B7-F42837B84B05}.Release|Any CPU.ActiveCfg = Release|Any CPU
		{98F23002-0F03-460B-B0B7-F42837B84B05}.Release|Any CPU.Build.0 = Release|Any CPU
	EndGlobalSection
	GlobalSection(SolutionProperties) = preSolution
		HideSolutionNode = FALSE
	EndGlobalSection
	GlobalSection(ExtensibilityGlobals) = postSolution
		SolutionGuid = {09E76A0A-400A-4B30-AEF4-63A2A7C75932}
	EndGlobalSection
EndGlobal
