
Microsoft Visual Studio Solution File, Format Version 12.00
# Visual Studio Version 17
VisualStudioVersion = 17.2.32616.157
MinimumVisualStudioVersion = 10.0.40219.1
Project("{FAE04EC0-301F-11D3-BF4B-00C04F79EFBC}") = "ListasParte1", "ListasParte1\ListasParte1.csproj", "{E704F29B-69A7-44E2-9912-17FB783B7F20}"
EndProject
Global
	GlobalSection(SolutionConfigurationPlatforms) = preSolution
		Debug|Any CPU = Debug|Any CPU
		Release|Any CPU = Release|Any CPU
	EndGlobalSection
	GlobalSection(ProjectConfigurationPlatforms) = postSolution
		{E704F29B-69A7-44E2-9912-17FB783B7F20}.Debug|Any CPU.ActiveCfg = Debug|Any CPU
		{E704F29B-69A7-44E2-9912-17FB783B7F20}.Debug|Any CPU.Build.0 = Debug|Any CPU
		{E704F29B-69A7-44E2-9912-17FB783B7F20}.Release|Any CPU.ActiveCfg = Release|Any CPU
		{E704F29B-69A7-44E2-9912-17FB783B7F20}.Release|Any CPU.Build.0 = Release|Any CPU
	EndGlobalSection
	GlobalSection(SolutionProperties) = preSolution
		HideSolutionNode = FALSE
	EndGlobalSection
	GlobalSection(ExtensibilityGlobals) = postSolution
		SolutionGuid = {C4DE87A1-2CBC-4D93-BD76-B36165132E17}
	EndGlobalSection
EndGlobal
