
Microsoft Visual Studio Solution File, Format Version 12.00
# Visual Studio Version 17
VisualStudioVersion = 17.2.32616.157
MinimumVisualStudioVersion = 10.0.40219.1
Project("{FAE04EC0-301F-11D3-BF4B-00C04F79EFBC}") = "Construtores", "Construtores\Construtores.csproj", "{A4A0CE54-AD10-4710-AC53-0D557A4D6126}"
EndProject
Global
	GlobalSection(SolutionConfigurationPlatforms) = preSolution
		Debug|Any CPU = Debug|Any CPU
		Release|Any CPU = Release|Any CPU
	EndGlobalSection
	GlobalSection(ProjectConfigurationPlatforms) = postSolution
		{A4A0CE54-AD10-4710-AC53-0D557A4D6126}.Debug|Any CPU.ActiveCfg = Debug|Any CPU
		{A4A0CE54-AD10-4710-AC53-0D557A4D6126}.Debug|Any CPU.Build.0 = Debug|Any CPU
		{A4A0CE54-AD10-4710-AC53-0D557A4D6126}.Release|Any CPU.ActiveCfg = Release|Any CPU
		{A4A0CE54-AD10-4710-AC53-0D557A4D6126}.Release|Any CPU.Build.0 = Release|Any CPU
	EndGlobalSection
	GlobalSection(SolutionProperties) = preSolution
		HideSolutionNode = FALSE
	EndGlobalSection
	GlobalSection(ExtensibilityGlobals) = postSolution
		SolutionGuid = {A8BDCD94-AA7D-402D-957E-5A98CDE3FBA0}
	EndGlobalSection
EndGlobal
