
Microsoft Visual Studio Solution File, Format Version 12.00
# Visual Studio Version 17
VisualStudioVersion = 17.2.32616.157
MinimumVisualStudioVersion = 10.0.40219.1
Project("{FAE04EC0-301F-11D3-BF4B-00C04F79EFBC}") = "Encapsulamento", "Encapsulamento\Encapsulamento.csproj", "{71E4E30A-779A-4C7D-8188-802CA416442B}"
EndProject
Global
	GlobalSection(SolutionConfigurationPlatforms) = preSolution
		Debug|Any CPU = Debug|Any CPU
		Release|Any CPU = Release|Any CPU
	EndGlobalSection
	GlobalSection(ProjectConfigurationPlatforms) = postSolution
		{71E4E30A-779A-4C7D-8188-802CA416442B}.Debug|Any CPU.ActiveCfg = Debug|Any CPU
		{71E4E30A-779A-4C7D-8188-802CA416442B}.Debug|Any CPU.Build.0 = Debug|Any CPU
		{71E4E30A-779A-4C7D-8188-802CA416442B}.Release|Any CPU.ActiveCfg = Release|Any CPU
		{71E4E30A-779A-4C7D-8188-802CA416442B}.Release|Any CPU.Build.0 = Release|Any CPU
	EndGlobalSection
	GlobalSection(SolutionProperties) = preSolution
		HideSolutionNode = FALSE
	EndGlobalSection
	GlobalSection(ExtensibilityGlobals) = postSolution
		SolutionGuid = {655C8455-DC18-4F63-AF0F-E2229720D078}
	EndGlobalSection
EndGlobal
