
Microsoft Visual Studio Solution File, Format Version 12.00
# Visual Studio Version 17
VisualStudioVersion = 17.2.32616.157
MinimumVisualStudioVersion = 10.0.40219.1
Project("{FAE04EC0-301F-11D3-BF4B-00C04F79EFBC}") = "Matrizes", "Matrizes\Matrizes.csproj", "{BD23D3B6-D494-4D66-AD9C-C2DCAD4ECE12}"
EndProject
Global
	GlobalSection(SolutionConfigurationPlatforms) = preSolution
		Debug|Any CPU = Debug|Any CPU
		Release|Any CPU = Release|Any CPU
	EndGlobalSection
	GlobalSection(ProjectConfigurationPlatforms) = postSolution
		{BD23D3B6-D494-4D66-AD9C-C2DCAD4ECE12}.Debug|Any CPU.ActiveCfg = Debug|Any CPU
		{BD23D3B6-D494-4D66-AD9C-C2DCAD4ECE12}.Debug|Any CPU.Build.0 = Debug|Any CPU
		{BD23D3B6-D494-4D66-AD9C-C2DCAD4ECE12}.Release|Any CPU.ActiveCfg = Release|Any CPU
		{BD23D3B6-D494-4D66-AD9C-C2DCAD4ECE12}.Release|Any CPU.Build.0 = Release|Any CPU
	EndGlobalSection
	GlobalSection(SolutionProperties) = preSolution
		HideSolutionNode = FALSE
	EndGlobalSection
	GlobalSection(ExtensibilityGlobals) = postSolution
		SolutionGuid = {1959266C-A2D7-4A0A-B73C-444A6B35CDF4}
	EndGlobalSection
EndGlobal
